
Microsoft Visual Studio Solution File, Format Version 12.00
Project("{FAE04EC0-301F-11D3-BF4B-00C04F79EFBC}") = "WebApplication1", "WebApplication1\WebApplication1.csproj", "{BEFF9C3B-499F-4D61-A7D5-2885072EF718}"
EndProject
Global
	GlobalSection(SolutionConfigurationPlatforms) = preSolution
		Debug|Any CPU = Debug|Any CPU
		Release|Any CPU = Release|Any CPU
	EndGlobalSection
	GlobalSection(ProjectConfigurationPlatforms) = postSolution
		{BEFF9C3B-499F-4D61-A7D5-2885072EF718}.Debug|Any CPU.ActiveCfg = Debug|Any CPU
		{BEFF9C3B-499F-4D61-A7D5-2885072EF718}.Debug|Any CPU.Build.0 = Debug|Any CPU
		{BEFF9C3B-499F-4D61-A7D5-2885072EF718}.Release|Any CPU.ActiveCfg = Release|Any CPU
		{BEFF9C3B-499F-4D61-A7D5-2885072EF718}.Release|Any CPU.Build.0 = Release|Any CPU
	EndGlobalSection
EndGlobal
